// !$*UTF8*$!
{
	archiveVersion = 1;
	classes = {
	};
	objectVersion = 46;
	objects = {

/* Begin PBXBuildFile section */
		25BAFE7E1DA683A60075800D /* AppDelegate.swift in Sources */ = {isa = PBXBuildFile; fileRef = 25BAFE7D1DA683A60075800D /* AppDelegate.swift */; };
		25BAFE801DA683A60075800D /* ViewController.swift in Sources */ = {isa = PBXBuildFile; fileRef = 25BAFE7F1DA683A60075800D /* ViewController.swift */; };
		25BAFE831DA683A60075800D /* Main.storyboard in Resources */ = {isa = PBXBuildFile; fileRef = 25BAFE811DA683A60075800D /* Main.storyboard */; };
		25BAFE851DA683A60075800D /* Assets.xcassets in Resources */ = {isa = PBXBuildFile; fileRef = 25BAFE841DA683A60075800D /* Assets.xcassets */; };
		25BAFE881DA683A60075800D /* LaunchScreen.storyboard in Resources */ = {isa = PBXBuildFile; fileRef = 25BAFE861DA683A60075800D /* LaunchScreen.storyboard */; };
		25BAFE901DA6855F0075800D /* WebYekan.ttf in Resources */ = {isa = PBXBuildFile; fileRef = 25BAFE8F1DA6855F0075800D /* WebYekan.ttf */; };
/* End PBXBuildFile section */

/* Begin PBXFileReference section */
		25BAFE7A1DA683A60075800D /* Quotation.app */ = {isa = PBXFileReference; explicitFileType = wrapper.application; includeInIndex = 0; path = Quotation.app; sourceTree = BUILT_PRODUCTS_DIR; };
		25BAFE7D1DA683A60075800D /* AppDelegate.swift */ = {isa = PBXFileReference; lastKnownFileType = sourcecode.swift; path = AppDelegate.swift; sourceTree = "<group>"; };
		25BAFE7F1DA683A60075800D /* ViewController.swift */ = {isa = PBXFileReference; lastKnownFileType = sourcecode.swift; path = ViewController.swift; sourceTree = "<group>"; };
		25BAFE821DA683A60075800D /* Base */ = {isa = PBXFileReference; lastKnownFileType = file.storyboard; name = Base; path = Base.lproj/Main.storyboard; sourceTree = "<group>"; };
		25BAFE841DA683A60075800D /* Assets.xcassets */ = {isa = PBXFileReference; lastKnownFileType = folder.assetcatalog; path = Assets.xcassets; sourceTree = "<group>"; };
		25BAFE871DA683A60075800D /* Base */ = {isa = PBXFileReference; lastKnownFileType = file.storyboard; name = Base; path = Base.lproj/LaunchScreen.storyboard; sourceTree = "<group>"; };
		25BAFE891DA683A60075800D /* Info.plist */ = {isa = PBXFileReference; lastKnownFileType = text.plist.xml; path = Info.plist; sourceTree = "<group>"; };
		25BAFE8F1DA6855F0075800D /* WebYekan.ttf */ = {isa = PBXFileReference; lastKnownFileType = file; path = WebYekan.ttf; sourceTree = "<group>"; };
/* End PBXFileReference section */

/* Begin PBXFrameworksBuildPhase section */
		25BAFE771DA683A60075800D /* Frameworks */ = {
			isa = PBXFrameworksBuildPhase;
			buildActionMask = 2147483647;
			files = (
			);
			runOnlyForDeploymentPostprocessing = 0;
		};
/* End PBXFrameworksBuildPhase section */

/* Begin PBXGroup section */
		25BAFE711DA683A60075800D = {
			isa = PBXGroup;
			children = (
				25BAFE7C1DA683A60075800D /* Quotation */,
				25BAFE7B1DA683A60075800D /* Products */,
			);
			sourceTree = "<group>";
		};
		25BAFE7B1DA683A60075800D /* Products */ = {
			isa = PBXGroup;
			children = (
				25BAFE7A1DA683A60075800D /* Quotation.app */,
			);
			name = Products;
			sourceTree = "<group>";
		};
		25BAFE7C1DA683A60075800D /* Quotation */ = {
			isa = PBXGroup;
			children = (
				25BAFE7D1DA683A60075800D /* AppDelegate.swift */,
				25BAFE7F1DA683A60075800D /* ViewController.swift */,
				25BAFE811DA683A60075800D /* Main.storyboard */,
				25BAFE841DA683A60075800D /* Assets.xcassets */,
				25BAFE861DA683A60075800D /* LaunchScreen.storyboard */,
				25BAFE891DA683A60075800D /* Info.plist */,
				25BAFE8F1DA6855F0075800D /* WebYekan.ttf */,
			);
			path = Quotation;
			sourceTree = "<group>";
		};
/* End PBXGroup section */

/* Begin PBXNativeTarget section */
		25BAFE791DA683A60075800D /* Quotation */ = {
			isa = PBXNativeTarget;
			buildConfigurationList = 25BAFE8C1DA683A60075800D /* Build configuration list for PBXNativeTarget "Quotation" */;
			buildPhases = (
				25BAFE761DA683A60075800D /* Sources */,
				25BAFE771DA683A60075800D /* Frameworks */,
				25BAFE781DA683A60075800D /* Resources */,
			);
			buildRules = (
			);
			dependencies = (
			);
			name = Quotation;
			productName = Quotation;
			productReference = 25BAFE7A1DA683A60075800D /* Quotation.app */;
			productType = "com.apple.product-type.application";
		};
/* End PBXNativeTarget section */

/* Begin PBXProject section */
		25BAFE721DA683A60075800D /* Project object */ = {
			isa = PBXProject;
			attributes = {
				LastSwiftUpdateCheck = 0800;
				LastUpgradeCheck = 0800;
				ORGANIZATIONNAME = Blanfordia;
				TargetAttributes = {
					25BAFE791DA683A60075800D = {
						CreatedOnToolsVersion = 8.0;
						DevelopmentTeam = 9ZP5XGX8XQ;
						ProvisioningStyle = Automatic;
					};
				};
			};
			buildConfigurationList = 25BAFE751DA683A60075800D /* Build configuration list for PBXProject "Quotation" */;
			compatibilityVersion = "Xcode 3.2";
			developmentRegion = English;
			hasScannedForEncodings = 0;
			knownRegions = (
				en,
				Base,
			);
			mainGroup = 25BAFE711DA683A60075800D;
			productRefGroup = 25BAFE7B1DA683A60075800D /* Products */;
			projectDirPath = "";
			projectRoot = "";
			targets = (
				25BAFE791DA683A60075800D /* Quotation */,
			);
		};
/* End PBXProject section */

/* Begin PBXResourcesBuildPhase section */
		25BAFE781DA683A60075800D /* Resources */ = {
			isa = PBXResourcesBuildPhase;
			buildActionMask = 2147483647;
			files = (
				25BAFE881DA683A60075800D /* LaunchScreen.storyboard in Resources */,
				25BAFE851DA683A60075800D /* Assets.xcassets in Resources */,
				25BAFE901DA6855F0075800D /* WebYekan.ttf in Resources */,
				25BAFE831DA683A60075800D /* Main.storyboard in Resources */,
			);
			runOnlyForDeploymentPostprocessing = 0;
		};
/* End PBXResourcesBuildPhase section */

/* Begin PBXSourcesBuildPhase section */
		25BAFE761DA683A60075800D /* Sources */ = {
			isa = PBXSourcesBuildPhase;
			buildActionMask = 2147483647;
			files = (
				25BAFE801DA683A60075800D /* ViewController.swift in Sources */,
				25BAFE7E1DA683A60075800D /* AppDelegate.swift in Sources */,
			);
			runOnlyForDeploymentPostprocessing = 0;
		};
/* End PBXSourcesBuildPhase section */

/* Begin PBXVariantGroup section */
		25BAFE811DA683A60075800D /* Main.storyboard */ = {
			isa = PBXVariantGroup;
			children = (
				25BAFE821DA683A60075800D /* Base */,
			);
			name = Main.storyboard;
			sourceTree = "<group>";
		};
		25BAFE861DA683A60075800D /* LaunchScreen.storyboard */ = {
			isa = PBXVariantGroup;
			children = (
				25BAFE871DA683A60075800D /* Base */,
			);
			name = LaunchScreen.storyboard;
			sourceTree = "<group>";
		};
/* End PBXVariantGroup section */

/* Begin XCBuildConfiguration section */
		25BAFE8A1DA683A60075800D /* Debug */ = {
			isa = XCBuildConfiguration;
			buildSettings = {
				ALWAYS_SEARCH_USER_PATHS = NO;
				CLANG_ANALYZER_NONNULL = YES;
				CLANG_CXX_LANGUAGE_STANDARD = "gnu++0x";
				CLANG_CXX_LIBRARY = "libc++";
				CLANG_ENABLE_MODULES = YES;
				CLANG_ENABLE_OBJC_ARC = YES;
				CLANG_WARN_BOOL_CONVERSION = YES;
				CLANG_WARN_CONSTANT_CONVERSION = YES;
				CLANG_WARN_DIRECT_OBJC_ISA_USAGE = YES_ERROR;
				CLANG_WARN_DOCUMENTATION_COMMENTS = YES;
				CLANG_WARN_EMPTY_BODY = YES;
				CLANG_WARN_ENUM_CONVERSION = YES;
				CLANG_WARN_INFINITE_RECURSION = YES;
				CLANG_WARN_INT_CONVERSION = YES;
				CLANG_WARN_OBJC_ROOT_CLASS = YES_ERROR;
				CLANG_WARN_SUSPICIOUS_MOVES = YES;
				CLANG_WARN_UNREACHABLE_CODE = YES;
				CLANG_WARN__DUPLICATE_METHOD_MATCH = YES;
				"CODE_SIGN_IDENTITY[sdk=iphoneos*]" = "iPhone Developer";
				COPY_PHASE_STRIP = NO;
				DEBUG_INFORMATION_FORMAT = dwarf;
				ENABLE_STRICT_OBJC_MSGSEND = YES;
				ENABLE_TESTABILITY = YES;
				GCC_C_LANGUAGE_STANDARD = gnu99;
				GCC_DYNAMIC_NO_PIC = NO;
				GCC_NO_COMMON_BLOCKS = YES;
				GCC_OPTIMIZATION_LEVEL = 0;
				GCC_PREPROCESSOR_DEFINITIONS = (
					"DEBUG=1",
					"$(inherited)",
				);
				GCC_WARN_64_TO_32_BIT_CONVERSION = YES;
				GCC_WARN_ABOUT_RETURN_TYPE = YES_ERROR;
				GCC_WARN_UNDECLARED_SELECTOR = YES;
				GCC_WARN_UNINITIALIZED_AUTOS = YES_AGGRESSIVE;
				GCC_WARN_UNUSED_FUNCTION = YES;
				GCC_WARN_UNUSED_VARIABLE = YES;
				IPHONEOS_DEPLOYMENT_TARGET = 10.0;
				MTL_ENABLE_DEBUG_INFO = YES;
				ONLY_ACTIVE_ARCH = YES;
				SDKROOT = iphoneos;
				SWIFT_ACTIVE_COMPILATION_CONDITIONS = DEBUG;
				SWIFT_OPTIMIZATION_LEVEL = "-Onone";
			};
			name = Debug;
		};
		25BAFE8B1DA683A60075800D /* Release */ = {
			isa = XCBuildConfiguration;
			buildSettings = {
				ALWAYS_SEARCH_USER_PATHS = NO;
				CLANG_ANALYZER_NONNULL = YES;
				CLANG_CXX_LANGUAGE_STANDARD = "gnu++0x";
				CLANG_CXX_LIBRARY = "libc++";
				CLANG_ENABLE_MODULES = YES;
				CLANG_ENABLE_OBJC_ARC = YES;
				CLANG_WARN_BOOL_CONVERSION = YES;
				CLANG_WARN_CONSTANT_CONVERSION = YES;
				CLANG_WARN_DIRECT_OBJC_ISA_USAGE = YES_ERROR;
				CLANG_WARN_DOCUMENTATION_COMMENTS = YES;
				CLANG_WARN_EMPTY_BODY = YES;
				CLANG_WARN_ENUM_CONVERSION = YES;
				CLANG_WARN_INFINITE_RECURSION = YES;
				CLANG_WARN_INT_CONVERSION = YES;
				CLANG_WARN_OBJC_ROOT_CLASS = YES_ERROR;
				CLANG_WARN_SUSPICIOUS_MOVES = YES;
				CLANG_WARN_UNREACHABLE_CODE = YES;
				CLANG_WARN__DUPLICATE_METHOD_MATCH = YES;
				"CODE_SIGN_IDENTITY[sdk=iphoneos*]" = "iPhone Developer";
				COPY_PHASE_STRIP = NO;
				DEBUG_INFORMATION_FORMAT = "dwarf-with-dsym";
				ENABLE_NS_ASSERTIONS = NO;
				ENABLE_STRICT_OBJC_MSGSEND = YES;
				GCC_C_LANGUAGE_STANDARD = gnu99;
				GCC_NO_COMMON_BLOCKS = YES;
				GCC_WARN_64_TO_32_BIT_CONVERSION = YES;
				GCC_WARN_ABOUT_RETURN_TYPE = YES_ERROR;
				GCC_WARN_UNDECLARED_SELECTOR = YES;
				GCC_WARN_UNINITIALIZED_AUTOS = YES_AGGRESSIVE;
				GCC_WARN_UNUSED_FUNCTION = YES;
				GCC_WARN_UNUSED_VARIABLE = YES;
				IPHONEOS_DEPLOYMENT_TARGET = 10.0;
				MTL_ENABLE_DEBUG_INFO = NO;
				SDKROOT = iphoneos;
				SWIFT_OPTIMIZATION_LEVEL = "-Owholemodule";
				VALIDATE_PRODUCT = YES;
			};
			name = Release;
		};
		25BAFE8D1DA683A60075800D /* Debug */ = {
			isa = XCBuildConfiguration;
			buildSettings = {
				ASSETCATALOG_COMPILER_APPICON_NAME = AppIcon;
				DEVELOPMENT_TEAM = 9ZP5XGX8XQ;
				INFOPLIST_FILE = Quotation/Info.plist;
				LD_RUNPATH_SEARCH_PATHS = "$(inherited) @executable_path/Frameworks";
				PRODUCT_BUNDLE_IDENTIFIER = com.blanfordia.Quotation;
				PRODUCT_NAME = "$(TARGET_NAME)";
				SWIFT_VERSION = 3.0;
			};
			name = Debug;
		};
		25BAFE8E1DA683A60075800D /* Release */ = {
			isa = XCBuildConfiguration;
			buildSettings = {
				ASSETCATALOG_COMPILER_APPICON_NAME = AppIcon;
				DEVELOPMENT_TEAM = 9ZP5XGX8XQ;
				INFOPLIST_FILE = Quotation/Info.plist;
				LD_RUNPATH_SEARCH_PATHS = "$(inherited) @executable_path/Frameworks";
				PRODUCT_BUNDLE_IDENTIFIER = com.blanfordia.Quotation;
				PRODUCT_NAME = "$(TARGET_NAME)";
				SWIFT_VERSION = 3.0;
			};
			name = Release;
		};
/* End XCBuildConfiguration section */

/* Begin XCConfigurationList section */
		25BAFE751DA683A60075800D /* Build configuration list for PBXProject "Quotation" */ = {
			isa = XCConfigurationList;
			buildConfigurations = (
				25BAFE8A1DA683A60075800D /* Debug */,
				25BAFE8B1DA683A60075800D /* Release */,
			);
			defaultConfigurationIsVisible = 0;
			defaultConfigurationName = Release;
		};
		25BAFE8C1DA683A60075800D /* Build configuration list for PBXNativeTarget "Quotation" */ = {
			isa = XCConfigurationList;
			buildConfigurations = (
				25BAFE8D1DA683A60075800D /* Debug */,
				25BAFE8E1DA683A60075800D /* Release */,
			);
			defaultConfigurationIsVisible = 0;
		};
/* End XCConfigurationList section */
	};
	rootObject = 25BAFE721DA683A60075800D /* Project object */;
}
